{
  "name": "htmlrapier.relogin",
  "version": "5.0.0-pre.0",
  "lockfileVersion": 1,
  "requires": true,
  "dependencies": {
    "htmlrapier": {
      "version": "25.0.0-pre.0",
      "resolved": "https://registry.npmjs.org/htmlrapier/-/htmlrapier-25.0.0-pre.0.tgz",
      "integrity": "sha512-0pC1JFrrXvyjEiUMt59Y+j4oNHXRhkfcDC25YvmrSC7LBq9w/w94fwdN4mZvKzsU+Z87038VBeTz6jNDKlpBrA==",
      "requires": {
        "tslib": ">=1.6.1"
      }
    },
    "htmlrapier.accesstoken": {
      "version": "2.0.0-pre.0",
      "resolved": "https://registry.npmjs.org/htmlrapier.accesstoken/-/htmlrapier.accesstoken-2.0.0-pre.0.tgz",
      "integrity": "sha512-vlgs+Eb1vrRWzUxwpn+ki3nwY0oZgGQq+bV43WFh8MBp1+NakUehRhOcJx3IY2xUueOXWc08DIibEVrNV7So8A==",
      "requires": {
        "htmlrapier": ">=25.0.0-pre.0"
      }
    },
    "tslib": {
      "version": "2.3.0",
      "resolved": "https://registry.npmjs.org/tslib/-/tslib-2.3.0.tgz",
      "integrity": "sha512-N82ooyxVNm6h1riLCoyS9e3fuJ3AMG2zIZs2Gd1ATcSFjSA23Q0fzjjZeh0jbJvWVDZ0cJT8yaNNaaXHzueNjg=="
    }
  }
}
